
Microsoft Visual Studio Solution File, Format Version 12.00
# Visual Studio Version 16
VisualStudioVersion = 16.0.30413.136
MinimumVisualStudioVersion = 10.0.40219.1
Project("{FAE04EC0-301F-11D3-BF4B-00C04F79EFBC}") = "Lorgus.UI", "Lorgus.UI\Lorgus.UI.csproj", "{B3843AD3-651E-43CE-B9AD-977FC6855A4A}"
EndProject
Global
	GlobalSection(SolutionConfigurationPlatforms) = preSolution
		Debug|Any CPU = Debug|Any CPU
		Release|Any CPU = Release|Any CPU
	EndGlobalSection
	GlobalSection(ProjectConfigurationPlatforms) = postSolution
		{B3843AD3-651E-43CE-B9AD-977FC6855A4A}.Debug|Any CPU.ActiveCfg = Debug|Any CPU
		{B3843AD3-651E-43CE-B9AD-977FC6855A4A}.Debug|Any CPU.Build.0 = Debug|Any CPU
		{B3843AD3-651E-43CE-B9AD-977FC6855A4A}.Release|Any CPU.ActiveCfg = Release|Any CPU
		{B3843AD3-651E-43CE-B9AD-977FC6855A4A}.Release|Any CPU.Build.0 = Release|Any CPU
	EndGlobalSection
	GlobalSection(SolutionProperties) = preSolution
		HideSolutionNode = FALSE
	EndGlobalSection
	GlobalSection(ExtensibilityGlobals) = postSolution
		SolutionGuid = {D2E5C9D1-7426-4F7D-B8B1-001125B07A29}
	EndGlobalSection
EndGlobal
